
Microsoft Visual Studio Solution File, Format Version 12.00
# Visual Studio Version 16
VisualStudioVersion = 16.0.29613.14
MinimumVisualStudioVersion = 10.0.40219.1
Project("{9A19103F-16F7-4668-BE54-9A1E7A4F7556}") = "turner-react", "turner-react.csproj", "{BB1BF030-F0F9-483B-AB56-476AAC997028}"
EndProject
Global
	GlobalSection(SolutionConfigurationPlatforms) = preSolution
		Debug|Any CPU = Debug|Any CPU
		Release|Any CPU = Release|Any CPU
	EndGlobalSection
	GlobalSection(ProjectConfigurationPlatforms) = postSolution
		{BB1BF030-F0F9-483B-AB56-476AAC997028}.Debug|Any CPU.ActiveCfg = Debug|Any CPU
		{BB1BF030-F0F9-483B-AB56-476AAC997028}.Debug|Any CPU.Build.0 = Debug|Any CPU
		{BB1BF030-F0F9-483B-AB56-476AAC997028}.Release|Any CPU.ActiveCfg = Release|Any CPU
		{BB1BF030-F0F9-483B-AB56-476AAC997028}.Release|Any CPU.Build.0 = Release|Any CPU
	EndGlobalSection
	GlobalSection(SolutionProperties) = preSolution
		HideSolutionNode = FALSE
	EndGlobalSection
	GlobalSection(ExtensibilityGlobals) = postSolution
		SolutionGuid = {4B20E341-1ED4-4A6B-B775-B4E4CC17BC22}
	EndGlobalSection
EndGlobal
